# @generated - this file is auto-generated by `mise lock` https://mise.jdx.dev/dev-tools/mise-lock.html

lockfile_version = 3

[[tools.bun]]
version = "1.2.23"
backend = "core:bun"
specifiers = ["1.2.23"]

[tools.bun."platforms.linux-arm64"]
checksum = "sha256:6a7a98c546d084a845deda62eb2a5b94a6a14a63ea81cf9186d46bf55bf910a9"
url = "https://github.com/oven-sh/bun/releases/download/bun-v1.2.23/bun-linux-aarch64.zip"

[tools.bun."platforms.linux-arm64-musl"]
checksum = "sha256:a8ad022b8e439ab03f843b570db9cac36416b80319d48b4dcd24914ba117faa2"
url = "https://github.com/oven-sh/bun/releases/download/bun-v1.2.23/bun-linux-aarch64-musl.zip"

[tools.bun."platforms.linux-x64"]
checksum = "sha256:cf0ed0a920799d576ffde4e0cae66d732bf23c2530407f26f59c7831dffe1f0e"
url = "https://github.com/oven-sh/bun/releases/download/bun-v1.2.23/bun-linux-x64.zip"

[tools.bun."platforms.linux-x64-baseline"]
checksum = "sha256:017f89e19e1b40aa4c11a7cf671d3990cb51cc12288a43473238a019a8cafffc"
url = "https://github.com/oven-sh/bun/releases/download/bun-v1.2.23/bun-linux-x64-baseline.zip"

[tools.bun."platforms.linux-x64-musl"]
checksum = "sha256:01cf0639789328499e0147d64a405c7888ee78723eed75f9af1cb6bc9917d9b1"
url = "https://github.com/oven-sh/bun/releases/download/bun-v1.2.23/bun-linux-x64-musl.zip"

[tools.bun."platforms.linux-x64-musl-baseline"]
checksum = "sha256:bc90070aec72a27db281da4cb6519631f6b5380c76f187a5466dca0a5da8070e"
url = "https://github.com/oven-sh/bun/releases/download/bun-v1.2.23/bun-linux-x64-musl-baseline.zip"

[tools.bun."platforms.macos-arm64"]
checksum = "sha256:22f5fa3fff72b0d3b8e7e0f8051ecadf2e41920d474ac62db5279144809c9005"
url = "https://github.com/oven-sh/bun/releases/download/bun-v1.2.23/bun-darwin-aarch64.zip"

[tools.bun."platforms.macos-x64"]
checksum = "sha256:9729c400e50bc3c86b6640e42af2ff5c057b5df3b27c93b40ed47c16b5e6a5e6"
url = "https://github.com/oven-sh/bun/releases/download/bun-v1.2.23/bun-darwin-x64.zip"

[tools.bun."platforms.macos-x64-baseline"]
checksum = "sha256:fcc6723c8aba646a58443586d1786b909e64061e584b4214a0b67e0451252845"
url = "https://github.com/oven-sh/bun/releases/download/bun-v1.2.23/bun-darwin-x64-baseline.zip"

[tools.bun."platforms.windows-x64"]
checksum = "sha256:2171e94f9d1e0cd6d45bdced38e2dc821f4181a075ed80772e750b3298a9016d"
url = "https://github.com/oven-sh/bun/releases/download/bun-v1.2.23/bun-windows-x64.zip"

[tools.bun."platforms.windows-x64-baseline"]
checksum = "sha256:bf8b6fd980fc09ffeba4b68bcfeab3babc2c10596dd916eb9163b503b6406866"
url = "https://github.com/oven-sh/bun/releases/download/bun-v1.2.23/bun-windows-x64-baseline.zip"

[[tools.elixir]]
version = "1.18.2-otp-27"
backend = "core:elixir"
specifiers = ["1.18.2-otp-27"]

[tools.elixir."platforms.linux-arm64"]
checksum = "sha256:694e56534db9074e78a9e0b53c5f5281b60e8ea83c5abfcbdeed70c20387ddee"
url = "https://builds.hex.pm/builds/elixir/v1.18.2-otp-27.zip"

[tools.elixir."platforms.linux-arm64-musl"]
checksum = "sha256:694e56534db9074e78a9e0b53c5f5281b60e8ea83c5abfcbdeed70c20387ddee"
url = "https://builds.hex.pm/builds/elixir/v1.18.2-otp-27.zip"

[tools.elixir."platforms.linux-x64"]
checksum = "sha256:694e56534db9074e78a9e0b53c5f5281b60e8ea83c5abfcbdeed70c20387ddee"
url = "https://builds.hex.pm/builds/elixir/v1.18.2-otp-27.zip"

[tools.elixir."platforms.linux-x64-baseline"]
checksum = "sha256:694e56534db9074e78a9e0b53c5f5281b60e8ea83c5abfcbdeed70c20387ddee"
url = "https://builds.hex.pm/builds/elixir/v1.18.2-otp-27.zip"

[tools.elixir."platforms.linux-x64-musl"]
checksum = "sha256:694e56534db9074e78a9e0b53c5f5281b60e8ea83c5abfcbdeed70c20387ddee"
url = "https://builds.hex.pm/builds/elixir/v1.18.2-otp-27.zip"

[tools.elixir."platforms.linux-x64-musl-baseline"]
checksum = "sha256:694e56534db9074e78a9e0b53c5f5281b60e8ea83c5abfcbdeed70c20387ddee"
url = "https://builds.hex.pm/builds/elixir/v1.18.2-otp-27.zip"

[tools.elixir."platforms.macos-arm64"]
checksum = "sha256:694e56534db9074e78a9e0b53c5f5281b60e8ea83c5abfcbdeed70c20387ddee"
url = "https://builds.hex.pm/builds/elixir/v1.18.2-otp-27.zip"

[tools.elixir."platforms.macos-x64"]
checksum = "sha256:694e56534db9074e78a9e0b53c5f5281b60e8ea83c5abfcbdeed70c20387ddee"
url = "https://builds.hex.pm/builds/elixir/v1.18.2-otp-27.zip"

[tools.elixir."platforms.macos-x64-baseline"]
checksum = "sha256:694e56534db9074e78a9e0b53c5f5281b60e8ea83c5abfcbdeed70c20387ddee"
url = "https://builds.hex.pm/builds/elixir/v1.18.2-otp-27.zip"

[tools.elixir."platforms.windows-x64"]
checksum = "sha256:694e56534db9074e78a9e0b53c5f5281b60e8ea83c5abfcbdeed70c20387ddee"
url = "https://builds.hex.pm/builds/elixir/v1.18.2-otp-27.zip"

[tools.elixir."platforms.windows-x64-baseline"]
checksum = "sha256:694e56534db9074e78a9e0b53c5f5281b60e8ea83c5abfcbdeed70c20387ddee"
url = "https://builds.hex.pm/builds/elixir/v1.18.2-otp-27.zip"

[[tools.erlang]]
version = "27.2.4"
backend = "core:erlang"
specifiers = ["27.2.4"]

[tools.erlang.options]
compile = "false"
precompiled_os = "ubuntu-24.04"

[tools.erlang."platforms.linux-arm64"]
checksum = "sha256:2a1f00763d92b803ace66c256bb3e6499f9e150bb0acd7cc5b3a2405632253a1"
url = "https://builds.hex.pm/builds/otp/arm64/ubuntu-24.04/OTP-27.2.4.tar.gz"

[tools.erlang."platforms.linux-x64"]
checksum = "sha256:53cb1d4c84b9d60a651cb69ab194a58b9428cd663db2862e0bab9547e9c6f5c9"
url = "https://builds.hex.pm/builds/otp/amd64/ubuntu-24.04/OTP-27.2.4.tar.gz"

[tools.erlang."platforms.linux-x64-baseline"]
checksum = "sha256:53cb1d4c84b9d60a651cb69ab194a58b9428cd663db2862e0bab9547e9c6f5c9"
url = "https://builds.hex.pm/builds/otp/amd64/ubuntu-24.04/OTP-27.2.4.tar.gz"

[[tools.erlang]]
version = "27.2.4"
backend = "core:erlang"
specifiers = ["27.2.4"]

[tools.erlang.options]
compile = "false"

[tools.erlang."platforms.macos-arm64"]
url = "https://github.com/erlef/otp_builds/releases/download/OTP-27.2.4/otp-aarch64-apple-darwin.tar.gz"
url_api = "https://api.github.com/repos/erlef/otp_builds/releases/assets/230990602"

[tools.erlang."platforms.macos-x64"]
url = "https://github.com/erlef/otp_builds/releases/download/OTP-27.2.4/otp-x86_64-apple-darwin.tar.gz"
url_api = "https://api.github.com/repos/erlef/otp_builds/releases/assets/230991341"

[tools.erlang."platforms.macos-x64-baseline"]
url = "https://github.com/erlef/otp_builds/releases/download/OTP-27.2.4/otp-x86_64-apple-darwin.tar.gz"
url_api = "https://api.github.com/repos/erlef/otp_builds/releases/assets/230991341"

[tools.erlang."platforms.windows-x64"]
url = "https://github.com/erlang/otp/releases/download/OTP-27.2.4/otp_win64_27.2.4.zip"
url_api = "https://api.github.com/repos/erlang/otp/releases/assets/231032820"

[tools.erlang."platforms.windows-x64-baseline"]
url = "https://github.com/erlang/otp/releases/download/OTP-27.2.4/otp_win64_27.2.4.zip"
url_api = "https://api.github.com/repos/erlang/otp/releases/assets/231032820"

[[tools.gleam]]
version = "1.15.4"
backend = "aqua:gleam-lang/gleam"
specifiers = ["1.15.4"]

[tools.gleam."platforms.linux-arm64"]
checksum = "sha256:f145cc26ae0906d287f0c8dacede6a405a2dd888877d901dff64c288a2f1ec1f"
url = "https://github.com/gleam-lang/gleam/releases/download/v1.15.4/gleam-v1.15.4-aarch64-unknown-linux-musl.tar.gz"
url_api = "https://api.github.com/repos/gleam-lang/gleam/releases/assets/394838914"
provenance = "github-attestations"

[tools.gleam."platforms.linux-arm64-musl"]
checksum = "sha256:f145cc26ae0906d287f0c8dacede6a405a2dd888877d901dff64c288a2f1ec1f"
url = "https://github.com/gleam-lang/gleam/releases/download/v1.15.4/gleam-v1.15.4-aarch64-unknown-linux-musl.tar.gz"
url_api = "https://api.github.com/repos/gleam-lang/gleam/releases/assets/394838914"
provenance = "github-attestations"

[tools.gleam."platforms.linux-x64"]
checksum = "sha256:7c93bcd951e4aa59ffcaf1791e112ccc83127cc4cd2f16820b31647ce521f4c7"
url = "https://github.com/gleam-lang/gleam/releases/download/v1.15.4/gleam-v1.15.4-x86_64-unknown-linux-musl.tar.gz"
url_api = "https://api.github.com/repos/gleam-lang/gleam/releases/assets/394838954"
provenance = "github-attestations"

[tools.gleam."platforms.linux-x64-baseline"]
checksum = "sha256:7c93bcd951e4aa59ffcaf1791e112ccc83127cc4cd2f16820b31647ce521f4c7"
url = "https://github.com/gleam-lang/gleam/releases/download/v1.15.4/gleam-v1.15.4-x86_64-unknown-linux-musl.tar.gz"
url_api = "https://api.github.com/repos/gleam-lang/gleam/releases/assets/394838954"
provenance = "github-attestations"

[tools.gleam."platforms.linux-x64-musl"]
checksum = "sha256:7c93bcd951e4aa59ffcaf1791e112ccc83127cc4cd2f16820b31647ce521f4c7"
url = "https://github.com/gleam-lang/gleam/releases/download/v1.15.4/gleam-v1.15.4-x86_64-unknown-linux-musl.tar.gz"
url_api = "https://api.github.com/repos/gleam-lang/gleam/releases/assets/394838954"
provenance = "github-attestations"

[tools.gleam."platforms.linux-x64-musl-baseline"]
checksum = "sha256:7c93bcd951e4aa59ffcaf1791e112ccc83127cc4cd2f16820b31647ce521f4c7"
url = "https://github.com/gleam-lang/gleam/releases/download/v1.15.4/gleam-v1.15.4-x86_64-unknown-linux-musl.tar.gz"
url_api = "https://api.github.com/repos/gleam-lang/gleam/releases/assets/394838954"
provenance = "github-attestations"

[tools.gleam."platforms.macos-arm64"]
checksum = "sha256:74b03d43916d0147ce75ac909bb3636b8045c09303ec38256ebea5138fb2218f"
url = "https://github.com/gleam-lang/gleam/releases/download/v1.15.4/gleam-v1.15.4-aarch64-apple-darwin.tar.gz"
url_api = "https://api.github.com/repos/gleam-lang/gleam/releases/assets/394838889"
provenance = "github-attestations"

[tools.gleam."platforms.macos-x64"]
checksum = "sha256:7624faf7ea4f401be7800aba612ba51d97bb86dd0aa9b7c769802860a9e524a4"
url = "https://github.com/gleam-lang/gleam/releases/download/v1.15.4/gleam-v1.15.4-x86_64-apple-darwin.tar.gz"
url_api = "https://api.github.com/repos/gleam-lang/gleam/releases/assets/394838939"
provenance = "github-attestations"

[tools.gleam."platforms.macos-x64-baseline"]
checksum = "sha256:7624faf7ea4f401be7800aba612ba51d97bb86dd0aa9b7c769802860a9e524a4"
url = "https://github.com/gleam-lang/gleam/releases/download/v1.15.4/gleam-v1.15.4-x86_64-apple-darwin.tar.gz"
url_api = "https://api.github.com/repos/gleam-lang/gleam/releases/assets/394838939"
provenance = "github-attestations"

[tools.gleam."platforms.windows-x64"]
checksum = "sha256:10d39e079780f1040606e51d4da837b90df449c168216e2141b6ae2f867fd7c3"
url = "https://github.com/gleam-lang/gleam/releases/download/v1.15.4/gleam-v1.15.4-x86_64-pc-windows-msvc.zip"
url_api = "https://api.github.com/repos/gleam-lang/gleam/releases/assets/394838947"
provenance = "github-attestations"

[tools.gleam."platforms.windows-x64-baseline"]
checksum = "sha256:10d39e079780f1040606e51d4da837b90df449c168216e2141b6ae2f867fd7c3"
url = "https://github.com/gleam-lang/gleam/releases/download/v1.15.4/gleam-v1.15.4-x86_64-pc-windows-msvc.zip"
url_api = "https://api.github.com/repos/gleam-lang/gleam/releases/assets/394838947"
provenance = "github-attestations"

[[tools.node]]
version = "20.20.2"
backend = "core:node"
specifiers = ["20.20.2"]

[tools.node."platforms.linux-arm64"]
checksum = "sha256:47ef73d543ecf6eb19435f6c03a0ac4809b3bf0dd6b26c7c571efc2a6572a74d"
url = "https://nodejs.org/dist/v20.20.2/node-v20.20.2-linux-arm64.tar.gz"

[tools.node."platforms.linux-arm64-musl"]
checksum = "sha256:7549872a8d1be4670d5219f39dc0aed6e6432c976f3cd25543bc249aa850f041"
url = "https://unofficial-builds.nodejs.org/download/release/v20.20.2/node-v20.20.2-linux-arm64-musl.tar.gz"

[tools.node."platforms.linux-x64"]
checksum = "sha256:19e56f0825510207dd904f087fe52faa0a4eb6b2aab5f0ea7a33830d04888b8b"
url = "https://nodejs.org/dist/v20.20.2/node-v20.20.2-linux-x64.tar.gz"

[tools.node."platforms.linux-x64-baseline"]
checksum = "sha256:19e56f0825510207dd904f087fe52faa0a4eb6b2aab5f0ea7a33830d04888b8b"
url = "https://nodejs.org/dist/v20.20.2/node-v20.20.2-linux-x64.tar.gz"

[tools.node."platforms.linux-x64-musl"]
checksum = "sha256:0a335b43b5f0a3279d9c411b333a55ce98c02b875ba14033952c809ef89ac773"
url = "https://unofficial-builds.nodejs.org/download/release/v20.20.2/node-v20.20.2-linux-x64-musl.tar.gz"

[tools.node."platforms.linux-x64-musl-baseline"]
checksum = "sha256:0a335b43b5f0a3279d9c411b333a55ce98c02b875ba14033952c809ef89ac773"
url = "https://unofficial-builds.nodejs.org/download/release/v20.20.2/node-v20.20.2-linux-x64-musl.tar.gz"

[tools.node."platforms.macos-arm64"]
checksum = "sha256:466e05f3477c20dfb723054dfebffe55bc74660ee77f612166fca121dacb65b6"
url = "https://nodejs.org/dist/v20.20.2/node-v20.20.2-darwin-arm64.tar.gz"

[tools.node."platforms.macos-x64"]
checksum = "sha256:8be6f5e4bb128c82774f8a0b8d7a1cc1365a7977d9657cece0ca647b3fe04e61"
url = "https://nodejs.org/dist/v20.20.2/node-v20.20.2-darwin-x64.tar.gz"

[tools.node."platforms.macos-x64-baseline"]
checksum = "sha256:8be6f5e4bb128c82774f8a0b8d7a1cc1365a7977d9657cece0ca647b3fe04e61"
url = "https://nodejs.org/dist/v20.20.2/node-v20.20.2-darwin-x64.tar.gz"

[tools.node."platforms.windows-x64"]
checksum = "sha256:dc3700fdd57a63eedb8fd7e3c7baaa32e6a740a1b904167ff4204bc68ed8bf77"
url = "https://nodejs.org/dist/v20.20.2/node-v20.20.2-win-x64.zip"

[tools.node."platforms.windows-x64-baseline"]
checksum = "sha256:dc3700fdd57a63eedb8fd7e3c7baaa32e6a740a1b904167ff4204bc68ed8bf77"
url = "https://nodejs.org/dist/v20.20.2/node-v20.20.2-win-x64.zip"

[[tools.rebar]]
version = "3.24.0"
backend = "github:erlang/rebar3"
specifiers = ["3.24.0"]

[tools.rebar.options]
asset_pattern = "rebar3"

[tools.rebar."platforms.linux-arm64"]
url = "https://github.com/erlang/rebar3/releases/download/3.24.0/rebar3"
url_api = "https://api.github.com/repos/erlang/rebar3/releases/assets/189095797"

[tools.rebar."platforms.linux-arm64-musl"]
url = "https://github.com/erlang/rebar3/releases/download/3.24.0/rebar3"
url_api = "https://api.github.com/repos/erlang/rebar3/releases/assets/189095797"

[tools.rebar."platforms.linux-x64"]
checksum = "blake3:4c643cebcb972c356edc57ca41885369a7dbbeabd10aba5176b663c146b75e69"
url = "https://github.com/erlang/rebar3/releases/download/3.24.0/rebar3"
url_api = "https://api.github.com/repos/erlang/rebar3/releases/assets/189095797"

[tools.rebar."platforms.linux-x64-baseline"]
url = "https://github.com/erlang/rebar3/releases/download/3.24.0/rebar3"
url_api = "https://api.github.com/repos/erlang/rebar3/releases/assets/189095797"

[tools.rebar."platforms.linux-x64-musl"]
url = "https://github.com/erlang/rebar3/releases/download/3.24.0/rebar3"
url_api = "https://api.github.com/repos/erlang/rebar3/releases/assets/189095797"

[tools.rebar."platforms.linux-x64-musl-baseline"]
url = "https://github.com/erlang/rebar3/releases/download/3.24.0/rebar3"
url_api = "https://api.github.com/repos/erlang/rebar3/releases/assets/189095797"

[tools.rebar."platforms.macos-arm64"]
url = "https://github.com/erlang/rebar3/releases/download/3.24.0/rebar3"
url_api = "https://api.github.com/repos/erlang/rebar3/releases/assets/189095797"

[tools.rebar."platforms.macos-x64"]
url = "https://github.com/erlang/rebar3/releases/download/3.24.0/rebar3"
url_api = "https://api.github.com/repos/erlang/rebar3/releases/assets/189095797"

[tools.rebar."platforms.macos-x64-baseline"]
url = "https://github.com/erlang/rebar3/releases/download/3.24.0/rebar3"
url_api = "https://api.github.com/repos/erlang/rebar3/releases/assets/189095797"

[tools.rebar."platforms.windows-x64"]
url = "https://github.com/erlang/rebar3/releases/download/3.24.0/rebar3"
url_api = "https://api.github.com/repos/erlang/rebar3/releases/assets/189095797"

[tools.rebar."platforms.windows-x64-baseline"]
url = "https://github.com/erlang/rebar3/releases/download/3.24.0/rebar3"
url_api = "https://api.github.com/repos/erlang/rebar3/releases/assets/189095797"
